// !$*UTF8*$!
{
	archiveVersion = 1;
	classes = {
	};
	objectVersion = 50;
	objects = {

/* Begin PBXBuildFile section */
		283AAE472435A16F008EDE1C /* main.png in Resources */ = {isa = PBXBuildFile; fileRef = 283AAE462435A16F008EDE1C /* main.png */; };
		28864413245EA88A00059292 /* HealthKit.framework in Frameworks */ = {isa = PBXBuildFile; fileRef = 28864412245EA88A00059292 /* HealthKit.framework */; };
		28864415245EAB9600059292 /* HealthKitUI.framework in Frameworks */ = {isa = PBXBuildFile; fileRef = 28864414245EAB9600059292 /* HealthKitUI.framework */; };
		28864421245ED8FF00059292 /* kouyou.jpg in Resources */ = {isa = PBXBuildFile; fileRef = 28864420245ED8FF00059292 /* kouyou.jpg */; };
		28864423245ED91300059292 /* yuhodou.jpg in Resources */ = {isa = PBXBuildFile; fileRef = 28864422245ED91300059292 /* yuhodou.jpg */; };
		28864425245EE4E400059292 /* hodou.jpg in Resources */ = {isa = PBXBuildFile; fileRef = 28864424245EE4E400059292 /* hodou.jpg */; };
		28864427245EEA8100059292 /* outlet.jpg in Resources */ = {isa = PBXBuildFile; fileRef = 28864426245EEA8100059292 /* outlet.jpg */; };
		28864429245EEADB00059292 /* cityViewController.swift in Sources */ = {isa = PBXBuildFile; fileRef = 28864428245EEADB00059292 /* cityViewController.swift */; };
		2886442B245EEBE200059292 /* bussan1.jpg in Resources */ = {isa = PBXBuildFile; fileRef = 2886442A245EEBE200059292 /* bussan1.jpg */; };
		2886442D245EEC4A00059292 /* yakuyoke.jpg in Resources */ = {isa = PBXBuildFile; fileRef = 2886442C245EEC4A00059292 /* yakuyoke.jpg */; };
		2886442F245EED2800059292 /* Domannaka.jpg in Resources */ = {isa = PBXBuildFile; fileRef = 2886442E245EED2800059292 /* Domannaka.jpg */; };
		28864431245EEEA400059292 /* katakuri.jpg in Resources */ = {isa = PBXBuildFile; fileRef = 28864430245EEEA400059292 /* katakuri.jpg */; };
		28864435245EEFD900059292 /* yoshizawa.jpg in Resources */ = {isa = PBXBuildFile; fileRef = 28864434245EEFD900059292 /* yoshizawa.jpg */; };
		2886443724605F5400059292 /* flower.jpg in Resources */ = {isa = PBXBuildFile; fileRef = 2886443624605F5400059292 /* flower.jpg */; };
		28B127D12461264A00D538F4 /* stamp.png in Resources */ = {isa = PBXBuildFile; fileRef = 28B127D02461264A00D538F4 /* stamp.png */; };
		28F5F7112417EACB00641DB7 /* .gitignore in Resources */ = {isa = PBXBuildFile; fileRef = 28F5F6FB2417EACB00641DB7 /* .gitignore */; };
		28F5F7432417EB8800641DB7 /* cafe.jpg in Resources */ = {isa = PBXBuildFile; fileRef = 28F5F7422417EB8800641DB7 /* cafe.jpg */; };
		28FE2A1D2417F685000A8ACA /* HealthViewController.swift in Sources */ = {isa = PBXBuildFile; fileRef = 28FE2A1C2417F685000A8ACA /* HealthViewController.swift */; };
		28FE2A1F2417F69B000A8ACA /* Main.storyboard in Resources */ = {isa = PBXBuildFile; fileRef = 28FE2A1E2417F69B000A8ACA /* Main.storyboard */; };
		28FE2A242417F6D7000A8ACA /* sapuriTests.swift in Sources */ = {isa = PBXBuildFile; fileRef = 28FE2A232417F6D7000A8ACA /* sapuriTests.swift */; };
		28FE2A262417F707000A8ACA /* Info.plist in Resources */ = {isa = PBXBuildFile; fileRef = 28FE2A252417F707000A8ACA /* Info.plist */; };
		28FE2A282417F711000A8ACA /* Info.plist in Resources */ = {isa = PBXBuildFile; fileRef = 28FE2A272417F711000A8ACA /* Info.plist */; };
		28FE2A2A2417F72D000A8ACA /* AppDelegate.swift in Sources */ = {isa = PBXBuildFile; fileRef = 28FE2A292417F72C000A8ACA /* AppDelegate.swift */; };
		28FE2A352417F873000A8ACA /* Assets.xcassets in Resources */ = {isa = PBXBuildFile; fileRef = 28FE2A342417F873000A8ACA /* Assets.xcassets */; };
		28FE2A382418A1F5000A8ACA /* sapuriUITests.swift in Sources */ = {isa = PBXBuildFile; fileRef = 28FE2A202417F6C3000A8ACA /* sapuriUITests.swift */; };
		28FE2A3A2418A352000A8ACA /* Info.plist in Resources */ = {isa = PBXBuildFile; fileRef = 28FE2A392418A352000A8ACA /* Info.plist */; };
		28FE2A402418A656000A8ACA /* AppDelegate.swift in Sources */ = {isa = PBXBuildFile; fileRef = 28FE2A3F2418A656000A8ACA /* AppDelegate.swift */; };
		28FE2A422418AA2B000A8ACA /* MainViewController.swift in Sources */ = {isa = PBXBuildFile; fileRef = 28FE2A412418AA2B000A8ACA /* MainViewController.swift */; };
		28FE2A442418AB7A000A8ACA /* CouponsiteViewController.swift in Sources */ = {isa = PBXBuildFile; fileRef = 28FE2A432418AB7A000A8ACA /* CouponsiteViewController.swift */; };
		28FE2A462418AC41000A8ACA /* uploadViewController.swift in Sources */ = {isa = PBXBuildFile; fileRef = 28FE2A452418AC41000A8ACA /* uploadViewController.swift */; };
/* End PBXBuildFile section */

/* Begin PBXContainerItemProxy section */
		287FBF5623A5CF660073E613 /* PBXContainerItemProxy */ = {
			isa = PBXContainerItemProxy;
			containerPortal = 287FBF3923A5CF640073E613 /* Project object */;
			proxyType = 1;
			remoteGlobalIDString = 287FBF4023A5CF640073E613;
			remoteInfo = sapuri;
		};
		287FBF6123A5CF660073E613 /* PBXContainerItemProxy */ = {
			isa = PBXContainerItemProxy;
			containerPortal = 287FBF3923A5CF640073E613 /* Project object */;
			proxyType = 1;
			remoteGlobalIDString = 287FBF4023A5CF640073E613;
			remoteInfo = sapuri;
		};
/* End PBXContainerItemProxy section */

/* Begin PBXFileReference section */
		2814A749244034280046B229 /* Info.plist */ = {isa = PBXFileReference; fileEncoding = 4; lastKnownFileType = text.plist.xml; path = Info.plist; sourceTree = "<group>"; };
		2814A76F24403BF80046B229 /* Info.plist */ = {isa = PBXFileReference; fileEncoding = 4; lastKnownFileType = text.plist.xml; path = Info.plist; sourceTree = "<group>"; };
		283AAE462435A16F008EDE1C /* main.png */ = {isa = PBXFileReference; lastKnownFileType = image.png; name = main.png; path = "../../../../Desktop/SAPURI 写真！消すな！！/main.png"; sourceTree = "<group>"; };
		287FBF4123A5CF640073E613 /* sapuri.app */ = {isa = PBXFileReference; explicitFileType = wrapper.application; includeInIndex = 0; path = sapuri.app; sourceTree = BUILT_PRODUCTS_DIR; };
		287FBF5523A5CF660073E613 /* sapuriTests.xctest */ = {isa = PBXFileReference; explicitFileType = wrapper.cfbundle; includeInIndex = 0; path = sapuriTests.xctest; sourceTree = BUILT_PRODUCTS_DIR; };
		287FBF6023A5CF660073E613 /* sapuriUITests.xctest */ = {isa = PBXFileReference; explicitFileType = wrapper.cfbundle; includeInIndex = 0; path = sapuriUITests.xctest; sourceTree = BUILT_PRODUCTS_DIR; };
		28864412245EA88A00059292 /* HealthKit.framework */ = {isa = PBXFileReference; lastKnownFileType = wrapper.framework; name = HealthKit.framework; path = System/Library/Frameworks/HealthKit.framework; sourceTree = SDKROOT; };
		28864414245EAB9600059292 /* HealthKitUI.framework */ = {isa = PBXFileReference; lastKnownFileType = wrapper.framework; name = HealthKitUI.framework; path = System/Library/Frameworks/HealthKitUI.framework; sourceTree = SDKROOT; };
		28864420245ED8FF00059292 /* kouyou.jpg */ = {isa = PBXFileReference; lastKnownFileType = image.jpeg; path = kouyou.jpg; sourceTree = "<group>"; };
		28864422245ED91300059292 /* yuhodou.jpg */ = {isa = PBXFileReference; lastKnownFileType = image.jpeg; path = yuhodou.jpg; sourceTree = "<group>"; };
		28864424245EE4E400059292 /* hodou.jpg */ = {isa = PBXFileReference; lastKnownFileType = image.jpeg; path = hodou.jpg; sourceTree = "<group>"; };
		28864426245EEA8100059292 /* outlet.jpg */ = {isa = PBXFileReference; lastKnownFileType = image.jpeg; path = outlet.jpg; sourceTree = "<group>"; };
		28864428245EEADB00059292 /* cityViewController.swift */ = {isa = PBXFileReference; lastKnownFileType = sourcecode.swift; path = cityViewController.swift; sourceTree = "<group>"; };
		2886442A245EEBE200059292 /* bussan1.jpg */ = {isa = PBXFileReference; lastKnownFileType = image.jpeg; path = bussan1.jpg; sourceTree = "<group>"; };
		2886442C245EEC4A00059292 /* yakuyoke.jpg */ = {isa = PBXFileReference; lastKnownFileType = image.jpeg; path = yakuyoke.jpg; sourceTree = "<group>"; };
		2886442E245EED2800059292 /* Domannaka.jpg */ = {isa = PBXFileReference; lastKnownFileType = image.jpeg; path = Domannaka.jpg; sourceTree = "<group>"; };
		28864430245EEEA400059292 /* katakuri.jpg */ = {isa = PBXFileReference; lastKnownFileType = image.jpeg; path = katakuri.jpg; sourceTree = "<group>"; };
		28864434245EEFD900059292 /* yoshizawa.jpg */ = {isa = PBXFileReference; lastKnownFileType = image.jpeg; path = yoshizawa.jpg; sourceTree = "<group>"; };
		2886443624605F5400059292 /* flower.jpg */ = {isa = PBXFileReference; lastKnownFileType = image.jpeg; path = flower.jpg; sourceTree = "<group>"; };
		28B127D02461264A00D538F4 /* stamp.png */ = {isa = PBXFileReference; lastKnownFileType = image.png; path = stamp.png; sourceTree = "<group>"; };
		28F5F6FB2417EACB00641DB7 /* .gitignore */ = {isa = PBXFileReference; fileEncoding = 4; lastKnownFileType = text; path = .gitignore; sourceTree = "<group>"; };
		28F5F7422417EB8800641DB7 /* cafe.jpg */ = {isa = PBXFileReference; lastKnownFileType = image.jpeg; path = cafe.jpg; sourceTree = "<group>"; };
		28FE2A1C2417F685000A8ACA /* HealthViewController.swift */ = {isa = PBXFileReference; fileEncoding = 4; lastKnownFileType = sourcecode.swift; path = HealthViewController.swift; sourceTree = "<group>"; };
		28FE2A1E2417F69B000A8ACA /* Main.storyboard */ = {isa = PBXFileReference; fileEncoding = 4; lastKnownFileType = file.storyboard; path = Main.storyboard; sourceTree = "<group>"; };
		28FE2A202417F6C3000A8ACA /* sapuriUITests.swift */ = {isa = PBXFileReference; fileEncoding = 4; lastKnownFileType = sourcecode.swift; path = sapuriUITests.swift; sourceTree = "<group>"; };
		28FE2A232417F6D7000A8ACA /* sapuriTests.swift */ = {isa = PBXFileReference; fileEncoding = 4; lastKnownFileType = sourcecode.swift; path = sapuriTests.swift; sourceTree = "<group>"; };
		28FE2A252417F707000A8ACA /* Info.plist */ = {isa = PBXFileReference; fileEncoding = 4; lastKnownFileType = text.plist.xml; path = Info.plist; sourceTree = "<group>"; };
		28FE2A272417F711000A8ACA /* Info.plist */ = {isa = PBXFileReference; fileEncoding = 4; lastKnownFileType = text.plist.xml; path = Info.plist; sourceTree = "<group>"; };
		28FE2A292417F72C000A8ACA /* AppDelegate.swift */ = {isa = PBXFileReference; fileEncoding = 4; lastKnownFileType = sourcecode.swift; path = AppDelegate.swift; sourceTree = "<group>"; };
		28FE2A2D2417F7D6000A8ACA /* sapuri.entitlements */ = {isa = PBXFileReference; lastKnownFileType = text.plist.entitlements; path = sapuri.entitlements; sourceTree = "<group>"; };
		28FE2A342417F873000A8ACA /* Assets.xcassets */ = {isa = PBXFileReference; lastKnownFileType = folder.assetcatalog; path = Assets.xcassets; sourceTree = "<group>"; };
		28FE2A392418A352000A8ACA /* Info.plist */ = {isa = PBXFileReference; lastKnownFileType = text.plist; path = Info.plist; sourceTree = "<group>"; };
		28FE2A3F2418A656000A8ACA /* AppDelegate.swift */ = {isa = PBXFileReference; fileEncoding = 4; lastKnownFileType = sourcecode.swift; name = AppDelegate.swift; path = ../../../Desktop/AppDelegate.swift; sourceTree = "<group>"; };
		28FE2A412418AA2B000A8ACA /* MainViewController.swift */ = {isa = PBXFileReference; lastKnownFileType = sourcecode.swift; path = MainViewController.swift; sourceTree = "<group>"; };
		28FE2A432418AB7A000A8ACA /* CouponsiteViewController.swift */ = {isa = PBXFileReference; lastKnownFileType = sourcecode.swift; path = CouponsiteViewController.swift; sourceTree = "<group>"; };
		28FE2A452418AC41000A8ACA /* uploadViewController.swift */ = {isa = PBXFileReference; lastKnownFileType = sourcecode.swift; path = uploadViewController.swift; sourceTree = "<group>"; };
/* End PBXFileReference section */

/* Begin PBXFrameworksBuildPhase section */
		287FBF3E23A5CF640073E613 /* Frameworks */ = {
			isa = PBXFrameworksBuildPhase;
			buildActionMask = 2147483647;
			files = (
				28864413245EA88A00059292 /* HealthKit.framework in Frameworks */,
				28864415245EAB9600059292 /* HealthKitUI.framework in Frameworks */,
			);
			runOnlyForDeploymentPostprocessing = 0;
		};
		287FBF5223A5CF660073E613 /* Frameworks */ = {
			isa = PBXFrameworksBuildPhase;
			buildActionMask = 2147483647;
			files = (
			);
			runOnlyForDeploymentPostprocessing = 0;
		};
		287FBF5D23A5CF660073E613 /* Frameworks */ = {
			isa = PBXFrameworksBuildPhase;
			buildActionMask = 2147483647;
			files = (
			);
			runOnlyForDeploymentPostprocessing = 0;
		};
/* End PBXFrameworksBuildPhase section */

/* Begin PBXGroup section */
		2812B3B323B43E9500D264EF /* Frameworks */ = {
			isa = PBXGroup;
			children = (
				28864414245EAB9600059292 /* HealthKitUI.framework */,
				28864412245EA88A00059292 /* HealthKit.framework */,
			);
			name = Frameworks;
			sourceTree = "<group>";
		};
		287FBF3823A5CF640073E613 = {
			isa = PBXGroup;
			children = (
				28F5F6E22417EACB00641DB7 /* sapuri */,
				287FBF5823A5CF660073E613 /* sapuriTests */,
				287FBF6323A5CF660073E613 /* sapuriUITests */,
				287FBF4223A5CF640073E613 /* Products */,
				2812B3B323B43E9500D264EF /* Frameworks */,
				2889BDCF2417ED3E00448EFD /* Recovered References */,
			);
			sourceTree = "<group>";
		};
		287FBF4223A5CF640073E613 /* Products */ = {
			isa = PBXGroup;
			children = (
				287FBF4123A5CF640073E613 /* sapuri.app */,
				287FBF5523A5CF660073E613 /* sapuriTests.xctest */,
				287FBF6023A5CF660073E613 /* sapuriUITests.xctest */,
			);
			name = Products;
			sourceTree = "<group>";
		};
		287FBF5823A5CF660073E613 /* sapuriTests */ = {
			isa = PBXGroup;
			children = (
				28FE2A232417F6D7000A8ACA /* sapuriTests.swift */,
				28FE2A252417F707000A8ACA /* Info.plist */,
			);
			path = sapuriTests;
			sourceTree = "<group>";
		};
		287FBF6323A5CF660073E613 /* sapuriUITests */ = {
			isa = PBXGroup;
			children = (
				28FE2A202417F6C3000A8ACA /* sapuriUITests.swift */,
				28FE2A272417F711000A8ACA /* Info.plist */,
				28FE2A392418A352000A8ACA /* Info.plist */,
			);
			path = sapuriUITests;
			sourceTree = "<group>";
		};
		2889BDCF2417ED3E00448EFD /* Recovered References */ = {
			isa = PBXGroup;
			children = (
			);
			name = "Recovered References";
			sourceTree = "<group>";
		};
		28F5F6E22417EACB00641DB7 /* sapuri */ = {
			isa = PBXGroup;
			children = (
				28F5F6E62417EACB00641DB7 /* sapuri */,
				28F5F6FB2417EACB00641DB7 /* .gitignore */,
			);
			name = sapuri;
			sourceTree = "<group>";
		};
		28F5F6E62417EACB00641DB7 /* sapuri */ = {
			isa = PBXGroup;
			children = (
				28FE2A412418AA2B000A8ACA /* MainViewController.swift */,
				28FE2A1C2417F685000A8ACA /* HealthViewController.swift */,
				28FE2A452418AC41000A8ACA /* uploadViewController.swift */,
				28FE2A292417F72C000A8ACA /* AppDelegate.swift */,
				28FE2A3F2418A656000A8ACA /* AppDelegate.swift */,
				28FE2A432418AB7A000A8ACA /* CouponsiteViewController.swift */,
				28864428245EEADB00059292 /* cityViewController.swift */,
				28FE2A1E2417F69B000A8ACA /* Main.storyboard */,
				28FE2A2D2417F7D6000A8ACA /* sapuri.entitlements */,
				2814A749244034280046B229 /* Info.plist */,
				2814A76F24403BF80046B229 /* Info.plist */,
				28FE2A342417F873000A8ACA /* Assets.xcassets */,
				28F5F6EA2417EACB00641DB7 /* Resources */,
			);
			path = sapuri;
			sourceTree = "<group>";
		};
		28F5F6EA2417EACB00641DB7 /* Resources */ = {
			isa = PBXGroup;
			children = (
				28B127D02461264A00D538F4 /* stamp.png */,
				2886443624605F5400059292 /* flower.jpg */,
				28864434245EEFD900059292 /* yoshizawa.jpg */,
				28864430245EEEA400059292 /* katakuri.jpg */,
				2886442E245EED2800059292 /* Domannaka.jpg */,
				2886442C245EEC4A00059292 /* yakuyoke.jpg */,
				2886442A245EEBE200059292 /* bussan1.jpg */,
				28864426245EEA8100059292 /* outlet.jpg */,
				28864424245EE4E400059292 /* hodou.jpg */,
				28864422245ED91300059292 /* yuhodou.jpg */,
				28864420245ED8FF00059292 /* kouyou.jpg */,
				283AAE462435A16F008EDE1C /* main.png */,
				28F5F7422417EB8800641DB7 /* cafe.jpg */,
			);
			path = Resources;
			sourceTree = "<group>";
		};
/* End PBXGroup section */

/* Begin PBXNativeTarget section */
		287FBF4023A5CF640073E613 /* sapuri */ = {
			isa = PBXNativeTarget;
			buildConfigurationList = 287FBF6923A5CF660073E613 /* Build configuration list for PBXNativeTarget "sapuri" */;
			buildPhases = (
				287FBF3D23A5CF640073E613 /* Sources */,
				287FBF3E23A5CF640073E613 /* Frameworks */,
				287FBF3F23A5CF640073E613 /* Resources */,
			);
			buildRules = (
			);
			dependencies = (
			);
			name = sapuri;
			productName = sapuri;
			productReference = 287FBF4123A5CF640073E613 /* sapuri.app */;
			productType = "com.apple.product-type.application";
		};
		287FBF5423A5CF660073E613 /* sapuriTests */ = {
			isa = PBXNativeTarget;
			buildConfigurationList = 287FBF6C23A5CF660073E613 /* Build configuration list for PBXNativeTarget "sapuriTests" */;
			buildPhases = (
				287FBF5123A5CF660073E613 /* Sources */,
				287FBF5223A5CF660073E613 /* Frameworks */,
				287FBF5323A5CF660073E613 /* Resources */,
			);
			buildRules = (
			);
			dependencies = (
				287FBF5723A5CF660073E613 /* PBXTargetDependency */,
			);
			name = sapuriTests;
			productName = sapuriTests;
			productReference = 287FBF5523A5CF660073E613 /* sapuriTests.xctest */;
			productType = "com.apple.product-type.bundle.unit-test";
		};
		287FBF5F23A5CF660073E613 /* sapuriUITests */ = {
			isa = PBXNativeTarget;
			buildConfigurationList = 287FBF6F23A5CF660073E613 /* Build configuration list for PBXNativeTarget "sapuriUITests" */;
			buildPhases = (
				287FBF5C23A5CF660073E613 /* Sources */,
				287FBF5D23A5CF660073E613 /* Frameworks */,
				287FBF5E23A5CF660073E613 /* Resources */,
			);
			buildRules = (
			);
			dependencies = (
				287FBF6223A5CF660073E613 /* PBXTargetDependency */,
			);
			name = sapuriUITests;
			productName = sapuriUITests;
			productReference = 287FBF6023A5CF660073E613 /* sapuriUITests.xctest */;
			productType = "com.apple.product-type.bundle.ui-testing";
		};
/* End PBXNativeTarget section */

/* Begin PBXProject section */
		287FBF3923A5CF640073E613 /* Project object */ = {
			isa = PBXProject;
			attributes = {
				LastSwiftUpdateCheck = 1030;
				LastUpgradeCheck = 1130;
				ORGANIZATIONNAME = "二渡杏";
				TargetAttributes = {
					287FBF4023A5CF640073E613 = {
						CreatedOnToolsVersion = 10.3;
						SystemCapabilities = {
							com.apple.HealthKit = {
								enabled = 1;
							};
						};
					};
					287FBF5423A5CF660073E613 = {
						CreatedOnToolsVersion = 10.3;
						LastSwiftMigration = 1130;
						TestTargetID = 287FBF4023A5CF640073E613;
					};
					287FBF5F23A5CF660073E613 = {
						CreatedOnToolsVersion = 10.3;
						LastSwiftMigration = 1130;
						TestTargetID = 287FBF4023A5CF640073E613;
					};
				};
			};
			buildConfigurationList = 287FBF3C23A5CF640073E613 /* Build configuration list for PBXProject "sapuri" */;
			compatibilityVersion = "Xcode 9.3";
			developmentRegion = en;
			hasScannedForEncodings = 0;
			knownRegions = (
				en,
				Base,
			);
			mainGroup = 287FBF3823A5CF640073E613;
			productRefGroup = 287FBF4223A5CF640073E613 /* Products */;
			projectDirPath = "";
			projectRoot = "";
			targets = (
				287FBF4023A5CF640073E613 /* sapuri */,
				287FBF5423A5CF660073E613 /* sapuriTests */,
				287FBF5F23A5CF660073E613 /* sapuriUITests */,
			);
		};
/* End PBXProject section */

/* Begin PBXResourcesBuildPhase section */
		287FBF3F23A5CF640073E613 /* Resources */ = {
			isa = PBXResourcesBuildPhase;
			buildActionMask = 2147483647;
			files = (
				283AAE472435A16F008EDE1C /* main.png in Resources */,
				28FE2A1F2417F69B000A8ACA /* Main.storyboard in Resources */,
				28864435245EEFD900059292 /* yoshizawa.jpg in Resources */,
				28F5F7112417EACB00641DB7 /* .gitignore in Resources */,
				2886442D245EEC4A00059292 /* yakuyoke.jpg in Resources */,
				28864423245ED91300059292 /* yuhodou.jpg in Resources */,
				28F5F7432417EB8800641DB7 /* cafe.jpg in Resources */,
				2886442B245EEBE200059292 /* bussan1.jpg in Resources */,
				28864431245EEEA400059292 /* katakuri.jpg in Resources */,
				28864425245EE4E400059292 /* hodou.jpg in Resources */,
				28B127D12461264A00D538F4 /* stamp.png in Resources */,
				2886443724605F5400059292 /* flower.jpg in Resources */,
				28864427245EEA8100059292 /* outlet.jpg in Resources */,
				28864421245ED8FF00059292 /* kouyou.jpg in Resources */,
				2886442F245EED2800059292 /* Domannaka.jpg in Resources */,
			);
			runOnlyForDeploymentPostprocessing = 0;
		};
		287FBF5323A5CF660073E613 /* Resources */ = {
			isa = PBXResourcesBuildPhase;
			buildActionMask = 2147483647;
			files = (
			);
			runOnlyForDeploymentPostprocessing = 0;
		};
		287FBF5E23A5CF660073E613 /* Resources */ = {
			isa = PBXResourcesBuildPhase;
			buildActionMask = 2147483647;
			files = (
				28FE2A3A2418A352000A8ACA /* Info.plist in Resources */,
				28FE2A282417F711000A8ACA /* Info.plist in Resources */,
				28FE2A352417F873000A8ACA /* Assets.xcassets in Resources */,
				28FE2A262417F707000A8ACA /* Info.plist in Resources */,
			);
			runOnlyForDeploymentPostprocessing = 0;
		};
/* End PBXResourcesBuildPhase section */

/* Begin PBXSourcesBuildPhase section */
		287FBF3D23A5CF640073E613 /* Sources */ = {
			isa = PBXSourcesBuildPhase;
			buildActionMask = 2147483647;
			files = (
				28FE2A422418AA2B000A8ACA /* MainViewController.swift in Sources */,
				28864429245EEADB00059292 /* cityViewController.swift in Sources */,
				28FE2A442418AB7A000A8ACA /* CouponsiteViewController.swift in Sources */,
				28FE2A462418AC41000A8ACA /* uploadViewController.swift in Sources */,
				28FE2A402418A656000A8ACA /* AppDelegate.swift in Sources */,
				28FE2A1D2417F685000A8ACA /* HealthViewController.swift in Sources */,
			);
			runOnlyForDeploymentPostprocessing = 0;
		};
		287FBF5123A5CF660073E613 /* Sources */ = {
			isa = PBXSourcesBuildPhase;
			buildActionMask = 2147483647;
			files = (
				28FE2A242417F6D7000A8ACA /* sapuriTests.swift in Sources */,
				28FE2A382418A1F5000A8ACA /* sapuriUITests.swift in Sources */,
			);
			runOnlyForDeploymentPostprocessing = 0;
		};
		287FBF5C23A5CF660073E613 /* Sources */ = {
			isa = PBXSourcesBuildPhase;
			buildActionMask = 2147483647;
			files = (
				28FE2A2A2417F72D000A8ACA /* AppDelegate.swift in Sources */,
			);
			runOnlyForDeploymentPostprocessing = 0;
		};
/* End PBXSourcesBuildPhase section */

/* Begin PBXTargetDependency section */
		287FBF5723A5CF660073E613 /* PBXTargetDependency */ = {
			isa = PBXTargetDependency;
			target = 287FBF4023A5CF640073E613 /* sapuri */;
			targetProxy = 287FBF5623A5CF660073E613 /* PBXContainerItemProxy */;
		};
		287FBF6223A5CF660073E613 /* PBXTargetDependency */ = {
			isa = PBXTargetDependency;
			target = 287FBF4023A5CF640073E613 /* sapuri */;
			targetProxy = 287FBF6123A5CF660073E613 /* PBXContainerItemProxy */;
		};
/* End PBXTargetDependency section */

/* Begin XCBuildConfiguration section */
		287FBF6723A5CF660073E613 /* Debug */ = {
			isa = XCBuildConfiguration;
			buildSettings = {
				ALWAYS_SEARCH_USER_PATHS = NO;
				CLANG_ANALYZER_NONNULL = YES;
				CLANG_ANALYZER_NUMBER_OBJECT_CONVERSION = YES_AGGRESSIVE;
				CLANG_CXX_LANGUAGE_STANDARD = "gnu++14";
				CLANG_CXX_LIBRARY = "libc++";
				CLANG_ENABLE_MODULES = YES;
				CLANG_ENABLE_OBJC_ARC = YES;
				CLANG_ENABLE_OBJC_WEAK = YES;
				CLANG_WARN_BLOCK_CAPTURE_AUTORELEASING = YES;
				CLANG_WARN_BOOL_CONVERSION = YES;
				CLANG_WARN_COMMA = YES;
				CLANG_WARN_CONSTANT_CONVERSION = YES;
				CLANG_WARN_DEPRECATED_OBJC_IMPLEMENTATIONS = YES;
				CLANG_WARN_DIRECT_OBJC_ISA_USAGE = YES_ERROR;
				CLANG_WARN_DOCUMENTATION_COMMENTS = YES;
				CLANG_WARN_EMPTY_BODY = YES;
				CLANG_WARN_ENUM_CONVERSION = YES;
				CLANG_WARN_INFINITE_RECURSION = YES;
				CLANG_WARN_INT_CONVERSION = YES;
				CLANG_WARN_NON_LITERAL_NULL_CONVERSION = YES;
				CLANG_WARN_OBJC_IMPLICIT_RETAIN_SELF = YES;
				CLANG_WARN_OBJC_LITERAL_CONVERSION = YES;
				CLANG_WARN_OBJC_ROOT_CLASS = YES_ERROR;
				CLANG_WARN_RANGE_LOOP_ANALYSIS = YES;
				CLANG_WARN_STRICT_PROTOTYPES = YES;
				CLANG_WARN_SUSPICIOUS_MOVE = YES;
				CLANG_WARN_UNGUARDED_AVAILABILITY = YES_AGGRESSIVE;
				CLANG_WARN_UNREACHABLE_CODE = YES;
				CLANG_WARN__DUPLICATE_METHOD_MATCH = YES;
				CODE_SIGN_IDENTITY = "iPhone Developer";
				COPY_PHASE_STRIP = NO;
				DEBUG_INFORMATION_FORMAT = dwarf;
				ENABLE_STRICT_OBJC_MSGSEND = YES;
				ENABLE_TESTABILITY = YES;
				GCC_C_LANGUAGE_STANDARD = gnu11;
				GCC_DYNAMIC_NO_PIC = NO;
				GCC_NO_COMMON_BLOCKS = YES;
				GCC_OPTIMIZATION_LEVEL = 0;
				GCC_PREPROCESSOR_DEFINITIONS = (
					"DEBUG=1",
					"$(inherited)",
				);
				GCC_WARN_64_TO_32_BIT_CONVERSION = YES;
				GCC_WARN_ABOUT_RETURN_TYPE = YES_ERROR;
				GCC_WARN_UNDECLARED_SELECTOR = YES;
				GCC_WARN_UNINITIALIZED_AUTOS = YES_AGGRESSIVE;
				GCC_WARN_UNUSED_FUNCTION = YES;
				GCC_WARN_UNUSED_VARIABLE = YES;
				IPHONEOS_DEPLOYMENT_TARGET = 13.2;
				MTL_ENABLE_DEBUG_INFO = INCLUDE_SOURCE;
				MTL_FAST_MATH = YES;
				ONLY_ACTIVE_ARCH = YES;
				SDKROOT = iphoneos;
				SWIFT_ACTIVE_COMPILATION_CONDITIONS = DEBUG;
				SWIFT_OPTIMIZATION_LEVEL = "-Onone";
			};
			name = Debug;
		};
		287FBF6823A5CF660073E613 /* Release */ = {
			isa = XCBuildConfiguration;
			buildSettings = {
				ALWAYS_SEARCH_USER_PATHS = NO;
				CLANG_ANALYZER_NONNULL = YES;
				CLANG_ANALYZER_NUMBER_OBJECT_CONVERSION = YES_AGGRESSIVE;
				CLANG_CXX_LANGUAGE_STANDARD = "gnu++14";
				CLANG_CXX_LIBRARY = "libc++";
				CLANG_ENABLE_MODULES = YES;
				CLANG_ENABLE_OBJC_ARC = YES;
				CLANG_ENABLE_OBJC_WEAK = YES;
				CLANG_WARN_BLOCK_CAPTURE_AUTORELEASING = YES;
				CLANG_WARN_BOOL_CONVERSION = YES;
				CLANG_WARN_COMMA = YES;
				CLANG_WARN_CONSTANT_CONVERSION = YES;
				CLANG_WARN_DEPRECATED_OBJC_IMPLEMENTATIONS = YES;
				CLANG_WARN_DIRECT_OBJC_ISA_USAGE = YES_ERROR;
				CLANG_WARN_DOCUMENTATION_COMMENTS = YES;
				CLANG_WARN_EMPTY_BODY = YES;
				CLANG_WARN_ENUM_CONVERSION = YES;
				CLANG_WARN_INFINITE_RECURSION = YES;
				CLANG_WARN_INT_CONVERSION = YES;
				CLANG_WARN_NON_LITERAL_NULL_CONVERSION = YES;
				CLANG_WARN_OBJC_IMPLICIT_RETAIN_SELF = YES;
				CLANG_WARN_OBJC_LITERAL_CONVERSION = YES;
				CLANG_WARN_OBJC_ROOT_CLASS = YES_ERROR;
				CLANG_WARN_RANGE_LOOP_ANALYSIS = YES;
				CLANG_WARN_STRICT_PROTOTYPES = YES;
				CLANG_WARN_SUSPICIOUS_MOVE = YES;
				CLANG_WARN_UNGUARDED_AVAILABILITY = YES_AGGRESSIVE;
				CLANG_WARN_UNREACHABLE_CODE = YES;
				CLANG_WARN__DUPLICATE_METHOD_MATCH = YES;
				CODE_SIGN_IDENTITY = "iPhone Developer";
				COPY_PHASE_STRIP = NO;
				DEBUG_INFORMATION_FORMAT = "dwarf-with-dsym";
				ENABLE_NS_ASSERTIONS = NO;
				ENABLE_STRICT_OBJC_MSGSEND = YES;
				GCC_C_LANGUAGE_STANDARD = gnu11;
				GCC_NO_COMMON_BLOCKS = YES;
				GCC_WARN_64_TO_32_BIT_CONVERSION = YES;
				GCC_WARN_ABOUT_RETURN_TYPE = YES_ERROR;
				GCC_WARN_UNDECLARED_SELECTOR = YES;
				GCC_WARN_UNINITIALIZED_AUTOS = YES_AGGRESSIVE;
				GCC_WARN_UNUSED_FUNCTION = YES;
				GCC_WARN_UNUSED_VARIABLE = YES;
				IPHONEOS_DEPLOYMENT_TARGET = 13.2;
				MTL_ENABLE_DEBUG_INFO = NO;
				MTL_FAST_MATH = YES;
				SDKROOT = iphoneos;
				SWIFT_COMPILATION_MODE = wholemodule;
				SWIFT_OPTIMIZATION_LEVEL = "-O";
				VALIDATE_PRODUCT = YES;
			};
			name = Release;
		};
		287FBF6A23A5CF660073E613 /* Debug */ = {
			isa = XCBuildConfiguration;
			buildSettings = {
				ASSETCATALOG_COMPILER_APPICON_NAME = AppIcon;
				CODE_SIGN_ENTITLEMENTS = sapuri/sapuri.entitlements;
				CODE_SIGN_IDENTITY = "Apple Development";
				CODE_SIGN_STYLE = Automatic;
				CURRENT_PROJECT_VERSION = 45;
				DEVELOPMENT_TEAM = 53Z9639ZF5;
				INFOPLIST_FILE = "$(SRCROOT)/sapuriTests/Info.plist";
				IPHONEOS_DEPLOYMENT_TARGET = 13.2;
				LD_RUNPATH_SEARCH_PATHS = (
					"$(inherited)",
					"@executable_path/Frameworks",
				);
				MARKETING_VERSION = 1.3;
				PRODUCT_BUNDLE_IDENTIFIER = com.annfutawatari.sapuri;
				PRODUCT_NAME = sapuri;
				PROVISIONING_PROFILE_SPECIFIER = "";
				SWIFT_VERSION = 5.0;
				TARGETED_DEVICE_FAMILY = 1;
			};
			name = Debug;
		};
		287FBF6B23A5CF660073E613 /* Release */ = {
			isa = XCBuildConfiguration;
			buildSettings = {
				ASSETCATALOG_COMPILER_APPICON_NAME = AppIcon;
				CODE_SIGN_ENTITLEMENTS = sapuri/sapuri.entitlements;
				CODE_SIGN_IDENTITY = "Apple Development";
				CODE_SIGN_STYLE = Automatic;
				CURRENT_PROJECT_VERSION = 45;
				DEVELOPMENT_TEAM = 53Z9639ZF5;
				INFOPLIST_FILE = "$(SRCROOT)/sapuriTests/Info.plist";
				IPHONEOS_DEPLOYMENT_TARGET = 13.2;
				LD_RUNPATH_SEARCH_PATHS = (
					"$(inherited)",
					"@executable_path/Frameworks",
				);
				MARKETING_VERSION = 1.3;
				PRODUCT_BUNDLE_IDENTIFIER = com.annfutawatari.sapuri;
				PRODUCT_NAME = sapuri;
				PROVISIONING_PROFILE_SPECIFIER = "";
				SWIFT_VERSION = 5.0;
				TARGETED_DEVICE_FAMILY = 1;
			};
			name = Release;
		};
		287FBF6D23A5CF660073E613 /* Debug */ = {
			isa = XCBuildConfiguration;
			buildSettings = {
				ALWAYS_EMBED_SWIFT_STANDARD_LIBRARIES = YES;
				BUNDLE_LOADER = "$(TEST_HOST)";
				CLANG_ENABLE_MODULES = YES;
				CODE_SIGN_STYLE = Automatic;
				DEVELOPMENT_TEAM = 53Z9639ZF5;
				INFOPLIST_FILE = sapuriTests/Info.plist;
				LD_RUNPATH_SEARCH_PATHS = (
					"$(inherited)",
					"@executable_path/Frameworks",
					"@loader_path/Frameworks",
				);
				PRODUCT_BUNDLE_IDENTIFIER = com.litech.sapuriTests;
				PRODUCT_NAME = "$(TARGET_NAME)";
				SWIFT_OBJC_BRIDGING_HEADER = "sapuriTests/sapuriTests-Bridging-Header.h";
				SWIFT_OPTIMIZATION_LEVEL = "-Onone";
				SWIFT_VERSION = 5.0;
				TARGETED_DEVICE_FAMILY = "1,2";
				TEST_HOST = "$(BUILT_PRODUCTS_DIR)/sapuri.app/sapuri";
			};
			name = Debug;
		};
		287FBF6E23A5CF660073E613 /* Release */ = {
			isa = XCBuildConfiguration;
			buildSettings = {
				ALWAYS_EMBED_SWIFT_STANDARD_LIBRARIES = YES;
				BUNDLE_LOADER = "$(TEST_HOST)";
				CLANG_ENABLE_MODULES = YES;
				CODE_SIGN_STYLE = Automatic;
				DEVELOPMENT_TEAM = 53Z9639ZF5;
				INFOPLIST_FILE = sapuriTests/Info.plist;
				LD_RUNPATH_SEARCH_PATHS = (
					"$(inherited)",
					"@executable_path/Frameworks",
					"@loader_path/Frameworks",
				);
				PRODUCT_BUNDLE_IDENTIFIER = com.litech.sapuriTests;
				PRODUCT_NAME = "$(TARGET_NAME)";
				SWIFT_OBJC_BRIDGING_HEADER = "sapuriTests/sapuriTests-Bridging-Header.h";
				SWIFT_VERSION = 5.0;
				TARGETED_DEVICE_FAMILY = "1,2";
				TEST_HOST = "$(BUILT_PRODUCTS_DIR)/sapuri.app/sapuri";
			};
			name = Release;
		};
		287FBF7023A5CF660073E613 /* Debug */ = {
			isa = XCBuildConfiguration;
			buildSettings = {
				ALWAYS_EMBED_SWIFT_STANDARD_LIBRARIES = YES;
				CLANG_ENABLE_MODULES = YES;
				"CODE_SIGN_IDENTITY[sdk=macosx*]" = "Apple Development";
				CODE_SIGN_STYLE = Automatic;
				DEVELOPMENT_TEAM = 53Z9639ZF5;
				INFOPLIST_FILE = sapuriUITests/Info.plist;
				LD_RUNPATH_SEARCH_PATHS = (
					"$(inherited)",
					"@executable_path/Frameworks",
					"@loader_path/Frameworks",
				);
				PRODUCT_BUNDLE_IDENTIFIER = com.litech.sapuriUITests;
				PRODUCT_NAME = "$(TARGET_NAME)";
				SWIFT_OPTIMIZATION_LEVEL = "-Onone";
				SWIFT_VERSION = 5.0;
				TARGETED_DEVICE_FAMILY = "1,2";
				TEST_TARGET_NAME = sapuri;
			};
			name = Debug;
		};
		287FBF7123A5CF660073E613 /* Release */ = {
			isa = XCBuildConfiguration;
			buildSettings = {
				ALWAYS_EMBED_SWIFT_STANDARD_LIBRARIES = YES;
				CLANG_ENABLE_MODULES = YES;
				"CODE_SIGN_IDENTITY[sdk=macosx*]" = "Apple Development";
				CODE_SIGN_STYLE = Automatic;
				DEVELOPMENT_TEAM = 53Z9639ZF5;
				INFOPLIST_FILE = sapuriUITests/Info.plist;
				LD_RUNPATH_SEARCH_PATHS = (
					"$(inherited)",
					"@executable_path/Frameworks",
					"@loader_path/Frameworks",
				);
				PRODUCT_BUNDLE_IDENTIFIER = com.litech.sapuriUITests;
				PRODUCT_NAME = "$(TARGET_NAME)";
				SWIFT_VERSION = 5.0;
				TARGETED_DEVICE_FAMILY = "1,2";
				TEST_TARGET_NAME = sapuri;
			};
			name = Release;
		};
/* End XCBuildConfiguration section */

/* Begin XCConfigurationList section */
		287FBF3C23A5CF640073E613 /* Build configuration list for PBXProject "sapuri" */ = {
			isa = XCConfigurationList;
			buildConfigurations = (
				287FBF6723A5CF660073E613 /* Debug */,
				287FBF6823A5CF660073E613 /* Release */,
			);
			defaultConfigurationIsVisible = 0;
			defaultConfigurationName = Release;
		};
		287FBF6923A5CF660073E613 /* Build configuration list for PBXNativeTarget "sapuri" */ = {
			isa = XCConfigurationList;
			buildConfigurations = (
				287FBF6A23A5CF660073E613 /* Debug */,
				287FBF6B23A5CF660073E613 /* Release */,
			);
			defaultConfigurationIsVisible = 0;
			defaultConfigurationName = Release;
		};
		287FBF6C23A5CF660073E613 /* Build configuration list for PBXNativeTarget "sapuriTests" */ = {
			isa = XCConfigurationList;
			buildConfigurations = (
				287FBF6D23A5CF660073E613 /* Debug */,
				287FBF6E23A5CF660073E613 /* Release */,
			);
			defaultConfigurationIsVisible = 0;
			defaultConfigurationName = Release;
		};
		287FBF6F23A5CF660073E613 /* Build configuration list for PBXNativeTarget "sapuriUITests" */ = {
			isa = XCConfigurationList;
			buildConfigurations = (
				287FBF7023A5CF660073E613 /* Debug */,
				287FBF7123A5CF660073E613 /* Release */,
			);
			defaultConfigurationIsVisible = 0;
			defaultConfigurationName = Release;
		};
/* End XCConfigurationList section */
	};
	rootObject = 287FBF3923A5CF640073E613 /* Project object */;
}
